
Microsoft Visual Studio Solution File, Format Version 12.00
# Visual Studio Version 17
VisualStudioVersion = 17.0.31903.59
MinimumVisualStudioVersion = 10.0.40219.1
Project("{FAE04EC0-301F-11D3-BF4B-00C04F79EFBC}") = "ProcSpector", "ProcSpector\ProcSpector.csproj", "{EBEA8ABA-EA62-42E7-B7FA-B59DDD32A52A}"
EndProject
Project("{FAE04EC0-301F-11D3-BF4B-00C04F79EFBC}") = "ProcSpector.API", "ProcSpector.API\ProcSpector.API.csproj", "{82655051-8DD8-4055-82AE-484790BC9873}"
EndProject
Project("{FAE04EC0-301F-11D3-BF4B-00C04F79EFBC}") = "ProcSpector.Impl", "ProcSpector.Impl\ProcSpector.Impl.csproj", "{845C1104-E556-4B6C-A168-B287B344C0FE}"
EndProject
Project("{FAE04EC0-301F-11D3-BF4B-00C04F79EFBC}") = "ProcSpector.Impl.Net", "ProcSpector.Impl.Net\ProcSpector.Impl.Net.csproj", "{03091B77-B3CE-4633-8F02-1837F2C2EB89}"
EndProject
Project("{FAE04EC0-301F-11D3-BF4B-00C04F79EFBC}") = "ProcSpector.Impl.Win", "ProcSpector.Impl.Win\ProcSpector.Impl.Win.csproj", "{6EEE7E5C-9FDD-48A1-9E4C-FA0D0A2E7EC1}"
EndProject
Project("{FAE04EC0-301F-11D3-BF4B-00C04F79EFBC}") = "ProcSpector.Impl.Remote", "ProcSpector.Impl.Remote\ProcSpector.Impl.Remote.csproj", "{2270F576-F72D-4079-A3CA-BDAB3F85235D}"
EndProject
Project("{FAE04EC0-301F-11D3-BF4B-00C04F79EFBC}") = "ProcSpector.Server", "ProcSpector.Server\ProcSpector.Server.csproj", "{F2C95417-DC6F-4AD7-B665-B908AC6F837B}"
EndProject
Project("{FAE04EC0-301F-11D3-BF4B-00C04F79EFBC}") = "ProcSpector.Core", "ProcSpector.Core\ProcSpector.Core.csproj", "{8F611479-F2CC-4770-A15F-3FB05A39ABDE}"
EndProject
Project("{FAE04EC0-301F-11D3-BF4B-00C04F79EFBC}") = "ProcSpector.Comm", "ProcSpector.Comm\ProcSpector.Comm.csproj", "{B88BE1BD-01A9-4771-86B4-073B9C6D84C6}"
EndProject
Global
	GlobalSection(SolutionConfigurationPlatforms) = preSolution
		Debug|Any CPU = Debug|Any CPU
		Debug|x64 = Debug|x64
		Debug|x86 = Debug|x86
		Release|Any CPU = Release|Any CPU
		Release|x64 = Release|x64
		Release|x86 = Release|x86
	EndGlobalSection
	GlobalSection(ProjectConfigurationPlatforms) = postSolution
		{EBEA8ABA-EA62-42E7-B7FA-B59DDD32A52A}.Debug|Any CPU.ActiveCfg = Debug|Any CPU
		{EBEA8ABA-EA62-42E7-B7FA-B59DDD32A52A}.Debug|Any CPU.Build.0 = Debug|Any CPU
		{EBEA8ABA-EA62-42E7-B7FA-B59DDD32A52A}.Debug|x64.ActiveCfg = Debug|Any CPU
		{EBEA8ABA-EA62-42E7-B7FA-B59DDD32A52A}.Debug|x64.Build.0 = Debug|Any CPU
		{EBEA8ABA-EA62-42E7-B7FA-B59DDD32A52A}.Debug|x86.ActiveCfg = Debug|Any CPU
		{EBEA8ABA-EA62-42E7-B7FA-B59DDD32A52A}.Debug|x86.Build.0 = Debug|Any CPU
		{EBEA8ABA-EA62-42E7-B7FA-B59DDD32A52A}.Release|Any CPU.ActiveCfg = Release|Any CPU
		{EBEA8ABA-EA62-42E7-B7FA-B59DDD32A52A}.Release|Any CPU.Build.0 = Release|Any CPU
		{EBEA8ABA-EA62-42E7-B7FA-B59DDD32A52A}.Release|x64.ActiveCfg = Release|Any CPU
		{EBEA8ABA-EA62-42E7-B7FA-B59DDD32A52A}.Release|x64.Build.0 = Release|Any CPU
		{EBEA8ABA-EA62-42E7-B7FA-B59DDD32A52A}.Release|x86.ActiveCfg = Release|Any CPU
		{EBEA8ABA-EA62-42E7-B7FA-B59DDD32A52A}.Release|x86.Build.0 = Release|Any CPU
		{82655051-8DD8-4055-82AE-484790BC9873}.Debug|Any CPU.ActiveCfg = Debug|Any CPU
		{82655051-8DD8-4055-82AE-484790BC9873}.Debug|Any CPU.Build.0 = Debug|Any CPU
		{82655051-8DD8-4055-82AE-484790BC9873}.Debug|x64.ActiveCfg = Debug|Any CPU
		{82655051-8DD8-4055-82AE-484790BC9873}.Debug|x64.Build.0 = Debug|Any CPU
		{82655051-8DD8-4055-82AE-484790BC9873}.Debug|x86.ActiveCfg = Debug|Any CPU
		{82655051-8DD8-4055-82AE-484790BC9873}.Debug|x86.Build.0 = Debug|Any CPU
		{82655051-8DD8-4055-82AE-484790BC9873}.Release|Any CPU.ActiveCfg = Release|Any CPU
		{82655051-8DD8-4055-82AE-484790BC9873}.Release|Any CPU.Build.0 = Release|Any CPU
		{82655051-8DD8-4055-82AE-484790BC9873}.Release|x64.ActiveCfg = Release|Any CPU
		{82655051-8DD8-4055-82AE-484790BC9873}.Release|x64.Build.0 = Release|Any CPU
		{82655051-8DD8-4055-82AE-484790BC9873}.Release|x86.ActiveCfg = Release|Any CPU
		{82655051-8DD8-4055-82AE-484790BC9873}.Release|x86.Build.0 = Release|Any CPU
		{845C1104-E556-4B6C-A168-B287B344C0FE}.Debug|Any CPU.ActiveCfg = Debug|Any CPU
		{845C1104-E556-4B6C-A168-B287B344C0FE}.Debug|Any CPU.Build.0 = Debug|Any CPU
		{845C1104-E556-4B6C-A168-B287B344C0FE}.Debug|x64.ActiveCfg = Debug|Any CPU
		{845C1104-E556-4B6C-A168-B287B344C0FE}.Debug|x64.Build.0 = Debug|Any CPU
		{845C1104-E556-4B6C-A168-B287B344C0FE}.Debug|x86.ActiveCfg = Debug|Any CPU
		{845C1104-E556-4B6C-A168-B287B344C0FE}.Debug|x86.Build.0 = Debug|Any CPU
		{845C1104-E556-4B6C-A168-B287B344C0FE}.Release|Any CPU.ActiveCfg = Release|Any CPU
		{845C1104-E556-4B6C-A168-B287B344C0FE}.Release|Any CPU.Build.0 = Release|Any CPU
		{845C1104-E556-4B6C-A168-B287B344C0FE}.Release|x64.ActiveCfg = Release|Any CPU
		{845C1104-E556-4B6C-A168-B287B344C0FE}.Release|x64.Build.0 = Release|Any CPU
		{845C1104-E556-4B6C-A168-B287B344C0FE}.Release|x86.ActiveCfg = Release|Any CPU
		{845C1104-E556-4B6C-A168-B287B344C0FE}.Release|x86.Build.0 = Release|Any CPU
		{03091B77-B3CE-4633-8F02-1837F2C2EB89}.Debug|Any CPU.ActiveCfg = Debug|Any CPU
		{03091B77-B3CE-4633-8F02-1837F2C2EB89}.Debug|Any CPU.Build.0 = Debug|Any CPU
		{03091B77-B3CE-4633-8F02-1837F2C2EB89}.Debug|x64.ActiveCfg = Debug|Any CPU
		{03091B77-B3CE-4633-8F02-1837F2C2EB89}.Debug|x64.Build.0 = Debug|Any CPU
		{03091B77-B3CE-4633-8F02-1837F2C2EB89}.Debug|x86.ActiveCfg = Debug|Any CPU
		{03091B77-B3CE-4633-8F02-1837F2C2EB89}.Debug|x86.Build.0 = Debug|Any CPU
		{03091B77-B3CE-4633-8F02-1837F2C2EB89}.Release|Any CPU.ActiveCfg = Release|Any CPU
		{03091B77-B3CE-4633-8F02-1837F2C2EB89}.Release|Any CPU.Build.0 = Release|Any CPU
		{03091B77-B3CE-4633-8F02-1837F2C2EB89}.Release|x64.ActiveCfg = Release|Any CPU
		{03091B77-B3CE-4633-8F02-1837F2C2EB89}.Release|x64.Build.0 = Release|Any CPU
		{03091B77-B3CE-4633-8F02-1837F2C2EB89}.Release|x86.ActiveCfg = Release|Any CPU
		{03091B77-B3CE-4633-8F02-1837F2C2EB89}.Release|x86.Build.0 = Release|Any CPU
		{6EEE7E5C-9FDD-48A1-9E4C-FA0D0A2E7EC1}.Debug|Any CPU.ActiveCfg = Debug|Any CPU
		{6EEE7E5C-9FDD-48A1-9E4C-FA0D0A2E7EC1}.Debug|Any CPU.Build.0 = Debug|Any CPU
		{6EEE7E5C-9FDD-48A1-9E4C-FA0D0A2E7EC1}.Debug|x64.ActiveCfg = Debug|Any CPU
		{6EEE7E5C-9FDD-48A1-9E4C-FA0D0A2E7EC1}.Debug|x64.Build.0 = Debug|Any CPU
		{6EEE7E5C-9FDD-48A1-9E4C-FA0D0A2E7EC1}.Debug|x86.ActiveCfg = Debug|Any CPU
		{6EEE7E5C-9FDD-48A1-9E4C-FA0D0A2E7EC1}.Debug|x86.Build.0 = Debug|Any CPU
		{6EEE7E5C-9FDD-48A1-9E4C-FA0D0A2E7EC1}.Release|Any CPU.ActiveCfg = Release|Any CPU
		{6EEE7E5C-9FDD-48A1-9E4C-FA0D0A2E7EC1}.Release|Any CPU.Build.0 = Release|Any CPU
		{6EEE7E5C-9FDD-48A1-9E4C-FA0D0A2E7EC1}.Release|x64.ActiveCfg = Release|Any CPU
		{6EEE7E5C-9FDD-48A1-9E4C-FA0D0A2E7EC1}.Release|x64.Build.0 = Release|Any CPU
		{6EEE7E5C-9FDD-48A1-9E4C-FA0D0A2E7EC1}.Release|x86.ActiveCfg = Release|Any CPU
		{6EEE7E5C-9FDD-48A1-9E4C-FA0D0A2E7EC1}.Release|x86.Build.0 = Release|Any CPU
		{2270F576-F72D-4079-A3CA-BDAB3F85235D}.Debug|Any CPU.ActiveCfg = Debug|Any CPU
		{2270F576-F72D-4079-A3CA-BDAB3F85235D}.Debug|Any CPU.Build.0 = Debug|Any CPU
		{2270F576-F72D-4079-A3CA-BDAB3F85235D}.Debug|x64.ActiveCfg = Debug|Any CPU
		{2270F576-F72D-4079-A3CA-BDAB3F85235D}.Debug|x64.Build.0 = Debug|Any CPU
		{2270F576-F72D-4079-A3CA-BDAB3F85235D}.Debug|x86.ActiveCfg = Debug|Any CPU
		{2270F576-F72D-4079-A3CA-BDAB3F85235D}.Debug|x86.Build.0 = Debug|Any CPU
		{2270F576-F72D-4079-A3CA-BDAB3F85235D}.Release|Any CPU.ActiveCfg = Release|Any CPU
		{2270F576-F72D-4079-A3CA-BDAB3F85235D}.Release|Any CPU.Build.0 = Release|Any CPU
		{2270F576-F72D-4079-A3CA-BDAB3F85235D}.Release|x64.ActiveCfg = Release|Any CPU
		{2270F576-F72D-4079-A3CA-BDAB3F85235D}.Release|x64.Build.0 = Release|Any CPU
		{2270F576-F72D-4079-A3CA-BDAB3F85235D}.Release|x86.ActiveCfg = Release|Any CPU
		{2270F576-F72D-4079-A3CA-BDAB3F85235D}.Release|x86.Build.0 = Release|Any CPU
		{F2C95417-DC6F-4AD7-B665-B908AC6F837B}.Debug|Any CPU.ActiveCfg = Debug|Any CPU
		{F2C95417-DC6F-4AD7-B665-B908AC6F837B}.Debug|Any CPU.Build.0 = Debug|Any CPU
		{F2C95417-DC6F-4AD7-B665-B908AC6F837B}.Debug|x64.ActiveCfg = Debug|Any CPU
		{F2C95417-DC6F-4AD7-B665-B908AC6F837B}.Debug|x64.Build.0 = Debug|Any CPU
		{F2C95417-DC6F-4AD7-B665-B908AC6F837B}.Debug|x86.ActiveCfg = Debug|Any CPU
		{F2C95417-DC6F-4AD7-B665-B908AC6F837B}.Debug|x86.Build.0 = Debug|Any CPU
		{F2C95417-DC6F-4AD7-B665-B908AC6F837B}.Release|Any CPU.ActiveCfg = Release|Any CPU
		{F2C95417-DC6F-4AD7-B665-B908AC6F837B}.Release|Any CPU.Build.0 = Release|Any CPU
		{F2C95417-DC6F-4AD7-B665-B908AC6F837B}.Release|x64.ActiveCfg = Release|Any CPU
		{F2C95417-DC6F-4AD7-B665-B908AC6F837B}.Release|x64.Build.0 = Release|Any CPU
		{F2C95417-DC6F-4AD7-B665-B908AC6F837B}.Release|x86.ActiveCfg = Release|Any CPU
		{F2C95417-DC6F-4AD7-B665-B908AC6F837B}.Release|x86.Build.0 = Release|Any CPU
		{8F611479-F2CC-4770-A15F-3FB05A39ABDE}.Debug|Any CPU.ActiveCfg = Debug|Any CPU
		{8F611479-F2CC-4770-A15F-3FB05A39ABDE}.Debug|Any CPU.Build.0 = Debug|Any CPU
		{8F611479-F2CC-4770-A15F-3FB05A39ABDE}.Debug|x64.ActiveCfg = Debug|Any CPU
		{8F611479-F2CC-4770-A15F-3FB05A39ABDE}.Debug|x64.Build.0 = Debug|Any CPU
		{8F611479-F2CC-4770-A15F-3FB05A39ABDE}.Debug|x86.ActiveCfg = Debug|Any CPU
		{8F611479-F2CC-4770-A15F-3FB05A39ABDE}.Debug|x86.Build.0 = Debug|Any CPU
		{8F611479-F2CC-4770-A15F-3FB05A39ABDE}.Release|Any CPU.ActiveCfg = Release|Any CPU
		{8F611479-F2CC-4770-A15F-3FB05A39ABDE}.Release|Any CPU.Build.0 = Release|Any CPU
		{8F611479-F2CC-4770-A15F-3FB05A39ABDE}.Release|x64.ActiveCfg = Release|Any CPU
		{8F611479-F2CC-4770-A15F-3FB05A39ABDE}.Release|x64.Build.0 = Release|Any CPU
		{8F611479-F2CC-4770-A15F-3FB05A39ABDE}.Release|x86.ActiveCfg = Release|Any CPU
		{8F611479-F2CC-4770-A15F-3FB05A39ABDE}.Release|x86.Build.0 = Release|Any CPU
		{B88BE1BD-01A9-4771-86B4-073B9C6D84C6}.Debug|Any CPU.ActiveCfg = Debug|Any CPU
		{B88BE1BD-01A9-4771-86B4-073B9C6D84C6}.Debug|Any CPU.Build.0 = Debug|Any CPU
		{B88BE1BD-01A9-4771-86B4-073B9C6D84C6}.Debug|x64.ActiveCfg = Debug|Any CPU
		{B88BE1BD-01A9-4771-86B4-073B9C6D84C6}.Debug|x64.Build.0 = Debug|Any CPU
		{B88BE1BD-01A9-4771-86B4-073B9C6D84C6}.Debug|x86.ActiveCfg = Debug|Any CPU
		{B88BE1BD-01A9-4771-86B4-073B9C6D84C6}.Debug|x86.Build.0 = Debug|Any CPU
		{B88BE1BD-01A9-4771-86B4-073B9C6D84C6}.Release|Any CPU.ActiveCfg = Release|Any CPU
		{B88BE1BD-01A9-4771-86B4-073B9C6D84C6}.Release|Any CPU.Build.0 = Release|Any CPU
		{B88BE1BD-01A9-4771-86B4-073B9C6D84C6}.Release|x64.ActiveCfg = Release|Any CPU
		{B88BE1BD-01A9-4771-86B4-073B9C6D84C6}.Release|x64.Build.0 = Release|Any CPU
		{B88BE1BD-01A9-4771-86B4-073B9C6D84C6}.Release|x86.ActiveCfg = Release|Any CPU
		{B88BE1BD-01A9-4771-86B4-073B9C6D84C6}.Release|x86.Build.0 = Release|Any CPU
	EndGlobalSection
	GlobalSection(SolutionProperties) = preSolution
		HideSolutionNode = FALSE
	EndGlobalSection
EndGlobal
