
Microsoft Visual Studio Solution File, Format Version 12.00
# Visual Studio Version 17
VisualStudioVersion = 17.0.31903.59
MinimumVisualStudioVersion = 10.0.40219.1
Project("{FAE04EC0-301F-11D3-BF4B-00C04F79EFBC}") = "ProcSpector.Server", "ProcSpector.Server\ProcSpector.Server.csproj", "{F2C95417-DC6F-4AD7-B665-B908AC6F837B}"
EndProject
Project("{FAE04EC0-301F-11D3-BF4B-00C04F79EFBC}") = "ProcSpector", "ProcSpector\ProcSpector.csproj", "{4FB50232-7DB8-466C-96DE-4E0BE5DE25F7}"
EndProject
Project("{FAE04EC0-301F-11D3-BF4B-00C04F79EFBC}") = "ProcSpector.Core", "ProcSpector.Core\ProcSpector.Core.csproj", "{5C82E1EF-E724-4464-A769-9C9DC8204633}"
EndProject
Project("{FAE04EC0-301F-11D3-BF4B-00C04F79EFBC}") = "ProcSpector.API", "ProcSpector.API\ProcSpector.API.csproj", "{0BE0712B-9311-4E04-B2C7-FB8B6839B9A6}"
EndProject
Project("{FAE04EC0-301F-11D3-BF4B-00C04F79EFBC}") = "ProcSpector.Impl", "ProcSpector.Impl\ProcSpector.Impl.csproj", "{405A4E00-5AE6-4326-90BA-079A90F308DD}"
EndProject
Project("{FAE04EC0-301F-11D3-BF4B-00C04F79EFBC}") = "ProcSpector.Impl.Net", "ProcSpector.Impl.Net\ProcSpector.Impl.Net.csproj", "{C7C89E0B-510B-413D-AD47-4FAA11EBA8C1}"
EndProject
Project("{FAE04EC0-301F-11D3-BF4B-00C04F79EFBC}") = "ProcSpector.Impl.Remote", "ProcSpector.Impl.Remote\ProcSpector.Impl.Remote.csproj", "{E48FA6EC-A6C2-4945-82A2-0F313D38FB19}"
EndProject
Project("{FAE04EC0-301F-11D3-BF4B-00C04F79EFBC}") = "ProcSpector.Impl.Win", "ProcSpector.Impl.Win\ProcSpector.Impl.Win.csproj", "{5D06E686-4D56-4AF7-99F1-69AE7D753E6A}"
EndProject
Project("{FAE04EC0-301F-11D3-BF4B-00C04F79EFBC}") = "ProcSpector.Server.Win", "ProcSpector.Server.Win\ProcSpector.Server.Win.csproj", "{84BACA0D-D8F0-4819-9CE5-7239FC78B9DC}"
EndProject
Global
	GlobalSection(SolutionConfigurationPlatforms) = preSolution
		Debug|Any CPU = Debug|Any CPU
		Debug|x64 = Debug|x64
		Debug|x86 = Debug|x86
		Release|Any CPU = Release|Any CPU
		Release|x64 = Release|x64
		Release|x86 = Release|x86
	EndGlobalSection
	GlobalSection(ProjectConfigurationPlatforms) = postSolution
		{F2C95417-DC6F-4AD7-B665-B908AC6F837B}.Debug|Any CPU.ActiveCfg = Debug|Any CPU
		{F2C95417-DC6F-4AD7-B665-B908AC6F837B}.Debug|Any CPU.Build.0 = Debug|Any CPU
		{F2C95417-DC6F-4AD7-B665-B908AC6F837B}.Debug|x64.ActiveCfg = Debug|Any CPU
		{F2C95417-DC6F-4AD7-B665-B908AC6F837B}.Debug|x64.Build.0 = Debug|Any CPU
		{F2C95417-DC6F-4AD7-B665-B908AC6F837B}.Debug|x86.ActiveCfg = Debug|Any CPU
		{F2C95417-DC6F-4AD7-B665-B908AC6F837B}.Debug|x86.Build.0 = Debug|Any CPU
		{F2C95417-DC6F-4AD7-B665-B908AC6F837B}.Release|Any CPU.ActiveCfg = Release|Any CPU
		{F2C95417-DC6F-4AD7-B665-B908AC6F837B}.Release|Any CPU.Build.0 = Release|Any CPU
		{F2C95417-DC6F-4AD7-B665-B908AC6F837B}.Release|x64.ActiveCfg = Release|Any CPU
		{F2C95417-DC6F-4AD7-B665-B908AC6F837B}.Release|x64.Build.0 = Release|Any CPU
		{F2C95417-DC6F-4AD7-B665-B908AC6F837B}.Release|x86.ActiveCfg = Release|Any CPU
		{F2C95417-DC6F-4AD7-B665-B908AC6F837B}.Release|x86.Build.0 = Release|Any CPU
		{4FB50232-7DB8-466C-96DE-4E0BE5DE25F7}.Debug|Any CPU.ActiveCfg = Debug|Any CPU
		{4FB50232-7DB8-466C-96DE-4E0BE5DE25F7}.Debug|Any CPU.Build.0 = Debug|Any CPU
		{4FB50232-7DB8-466C-96DE-4E0BE5DE25F7}.Debug|x64.ActiveCfg = Debug|Any CPU
		{4FB50232-7DB8-466C-96DE-4E0BE5DE25F7}.Debug|x64.Build.0 = Debug|Any CPU
		{4FB50232-7DB8-466C-96DE-4E0BE5DE25F7}.Debug|x86.ActiveCfg = Debug|Any CPU
		{4FB50232-7DB8-466C-96DE-4E0BE5DE25F7}.Debug|x86.Build.0 = Debug|Any CPU
		{4FB50232-7DB8-466C-96DE-4E0BE5DE25F7}.Release|Any CPU.ActiveCfg = Release|Any CPU
		{4FB50232-7DB8-466C-96DE-4E0BE5DE25F7}.Release|Any CPU.Build.0 = Release|Any CPU
		{4FB50232-7DB8-466C-96DE-4E0BE5DE25F7}.Release|x64.ActiveCfg = Release|Any CPU
		{4FB50232-7DB8-466C-96DE-4E0BE5DE25F7}.Release|x64.Build.0 = Release|Any CPU
		{4FB50232-7DB8-466C-96DE-4E0BE5DE25F7}.Release|x86.ActiveCfg = Release|Any CPU
		{4FB50232-7DB8-466C-96DE-4E0BE5DE25F7}.Release|x86.Build.0 = Release|Any CPU
		{5C82E1EF-E724-4464-A769-9C9DC8204633}.Debug|Any CPU.ActiveCfg = Debug|Any CPU
		{5C82E1EF-E724-4464-A769-9C9DC8204633}.Debug|Any CPU.Build.0 = Debug|Any CPU
		{5C82E1EF-E724-4464-A769-9C9DC8204633}.Debug|x64.ActiveCfg = Debug|Any CPU
		{5C82E1EF-E724-4464-A769-9C9DC8204633}.Debug|x64.Build.0 = Debug|Any CPU
		{5C82E1EF-E724-4464-A769-9C9DC8204633}.Debug|x86.ActiveCfg = Debug|Any CPU
		{5C82E1EF-E724-4464-A769-9C9DC8204633}.Debug|x86.Build.0 = Debug|Any CPU
		{5C82E1EF-E724-4464-A769-9C9DC8204633}.Release|Any CPU.ActiveCfg = Release|Any CPU
		{5C82E1EF-E724-4464-A769-9C9DC8204633}.Release|Any CPU.Build.0 = Release|Any CPU
		{5C82E1EF-E724-4464-A769-9C9DC8204633}.Release|x64.ActiveCfg = Release|Any CPU
		{5C82E1EF-E724-4464-A769-9C9DC8204633}.Release|x64.Build.0 = Release|Any CPU
		{5C82E1EF-E724-4464-A769-9C9DC8204633}.Release|x86.ActiveCfg = Release|Any CPU
		{5C82E1EF-E724-4464-A769-9C9DC8204633}.Release|x86.Build.0 = Release|Any CPU
		{0BE0712B-9311-4E04-B2C7-FB8B6839B9A6}.Debug|Any CPU.ActiveCfg = Debug|Any CPU
		{0BE0712B-9311-4E04-B2C7-FB8B6839B9A6}.Debug|Any CPU.Build.0 = Debug|Any CPU
		{0BE0712B-9311-4E04-B2C7-FB8B6839B9A6}.Debug|x64.ActiveCfg = Debug|Any CPU
		{0BE0712B-9311-4E04-B2C7-FB8B6839B9A6}.Debug|x64.Build.0 = Debug|Any CPU
		{0BE0712B-9311-4E04-B2C7-FB8B6839B9A6}.Debug|x86.ActiveCfg = Debug|Any CPU
		{0BE0712B-9311-4E04-B2C7-FB8B6839B9A6}.Debug|x86.Build.0 = Debug|Any CPU
		{0BE0712B-9311-4E04-B2C7-FB8B6839B9A6}.Release|Any CPU.ActiveCfg = Release|Any CPU
		{0BE0712B-9311-4E04-B2C7-FB8B6839B9A6}.Release|Any CPU.Build.0 = Release|Any CPU
		{0BE0712B-9311-4E04-B2C7-FB8B6839B9A6}.Release|x64.ActiveCfg = Release|Any CPU
		{0BE0712B-9311-4E04-B2C7-FB8B6839B9A6}.Release|x64.Build.0 = Release|Any CPU
		{0BE0712B-9311-4E04-B2C7-FB8B6839B9A6}.Release|x86.ActiveCfg = Release|Any CPU
		{0BE0712B-9311-4E04-B2C7-FB8B6839B9A6}.Release|x86.Build.0 = Release|Any CPU
		{405A4E00-5AE6-4326-90BA-079A90F308DD}.Debug|Any CPU.ActiveCfg = Debug|Any CPU
		{405A4E00-5AE6-4326-90BA-079A90F308DD}.Debug|Any CPU.Build.0 = Debug|Any CPU
		{405A4E00-5AE6-4326-90BA-079A90F308DD}.Debug|x64.ActiveCfg = Debug|Any CPU
		{405A4E00-5AE6-4326-90BA-079A90F308DD}.Debug|x64.Build.0 = Debug|Any CPU
		{405A4E00-5AE6-4326-90BA-079A90F308DD}.Debug|x86.ActiveCfg = Debug|Any CPU
		{405A4E00-5AE6-4326-90BA-079A90F308DD}.Debug|x86.Build.0 = Debug|Any CPU
		{405A4E00-5AE6-4326-90BA-079A90F308DD}.Release|Any CPU.ActiveCfg = Release|Any CPU
		{405A4E00-5AE6-4326-90BA-079A90F308DD}.Release|Any CPU.Build.0 = Release|Any CPU
		{405A4E00-5AE6-4326-90BA-079A90F308DD}.Release|x64.ActiveCfg = Release|Any CPU
		{405A4E00-5AE6-4326-90BA-079A90F308DD}.Release|x64.Build.0 = Release|Any CPU
		{405A4E00-5AE6-4326-90BA-079A90F308DD}.Release|x86.ActiveCfg = Release|Any CPU
		{405A4E00-5AE6-4326-90BA-079A90F308DD}.Release|x86.Build.0 = Release|Any CPU
		{C7C89E0B-510B-413D-AD47-4FAA11EBA8C1}.Debug|Any CPU.ActiveCfg = Debug|Any CPU
		{C7C89E0B-510B-413D-AD47-4FAA11EBA8C1}.Debug|Any CPU.Build.0 = Debug|Any CPU
		{C7C89E0B-510B-413D-AD47-4FAA11EBA8C1}.Debug|x64.ActiveCfg = Debug|Any CPU
		{C7C89E0B-510B-413D-AD47-4FAA11EBA8C1}.Debug|x64.Build.0 = Debug|Any CPU
		{C7C89E0B-510B-413D-AD47-4FAA11EBA8C1}.Debug|x86.ActiveCfg = Debug|Any CPU
		{C7C89E0B-510B-413D-AD47-4FAA11EBA8C1}.Debug|x86.Build.0 = Debug|Any CPU
		{C7C89E0B-510B-413D-AD47-4FAA11EBA8C1}.Release|Any CPU.ActiveCfg = Release|Any CPU
		{C7C89E0B-510B-413D-AD47-4FAA11EBA8C1}.Release|Any CPU.Build.0 = Release|Any CPU
		{C7C89E0B-510B-413D-AD47-4FAA11EBA8C1}.Release|x64.ActiveCfg = Release|Any CPU
		{C7C89E0B-510B-413D-AD47-4FAA11EBA8C1}.Release|x64.Build.0 = Release|Any CPU
		{C7C89E0B-510B-413D-AD47-4FAA11EBA8C1}.Release|x86.ActiveCfg = Release|Any CPU
		{C7C89E0B-510B-413D-AD47-4FAA11EBA8C1}.Release|x86.Build.0 = Release|Any CPU
		{E48FA6EC-A6C2-4945-82A2-0F313D38FB19}.Debug|Any CPU.ActiveCfg = Debug|Any CPU
		{E48FA6EC-A6C2-4945-82A2-0F313D38FB19}.Debug|Any CPU.Build.0 = Debug|Any CPU
		{E48FA6EC-A6C2-4945-82A2-0F313D38FB19}.Debug|x64.ActiveCfg = Debug|Any CPU
		{E48FA6EC-A6C2-4945-82A2-0F313D38FB19}.Debug|x64.Build.0 = Debug|Any CPU
		{E48FA6EC-A6C2-4945-82A2-0F313D38FB19}.Debug|x86.ActiveCfg = Debug|Any CPU
		{E48FA6EC-A6C2-4945-82A2-0F313D38FB19}.Debug|x86.Build.0 = Debug|Any CPU
		{E48FA6EC-A6C2-4945-82A2-0F313D38FB19}.Release|Any CPU.ActiveCfg = Release|Any CPU
		{E48FA6EC-A6C2-4945-82A2-0F313D38FB19}.Release|Any CPU.Build.0 = Release|Any CPU
		{E48FA6EC-A6C2-4945-82A2-0F313D38FB19}.Release|x64.ActiveCfg = Release|Any CPU
		{E48FA6EC-A6C2-4945-82A2-0F313D38FB19}.Release|x64.Build.0 = Release|Any CPU
		{E48FA6EC-A6C2-4945-82A2-0F313D38FB19}.Release|x86.ActiveCfg = Release|Any CPU
		{E48FA6EC-A6C2-4945-82A2-0F313D38FB19}.Release|x86.Build.0 = Release|Any CPU
		{5D06E686-4D56-4AF7-99F1-69AE7D753E6A}.Debug|Any CPU.ActiveCfg = Debug|Any CPU
		{5D06E686-4D56-4AF7-99F1-69AE7D753E6A}.Debug|Any CPU.Build.0 = Debug|Any CPU
		{5D06E686-4D56-4AF7-99F1-69AE7D753E6A}.Debug|x64.ActiveCfg = Debug|Any CPU
		{5D06E686-4D56-4AF7-99F1-69AE7D753E6A}.Debug|x64.Build.0 = Debug|Any CPU
		{5D06E686-4D56-4AF7-99F1-69AE7D753E6A}.Debug|x86.ActiveCfg = Debug|Any CPU
		{5D06E686-4D56-4AF7-99F1-69AE7D753E6A}.Debug|x86.Build.0 = Debug|Any CPU
		{5D06E686-4D56-4AF7-99F1-69AE7D753E6A}.Release|Any CPU.ActiveCfg = Release|Any CPU
		{5D06E686-4D56-4AF7-99F1-69AE7D753E6A}.Release|Any CPU.Build.0 = Release|Any CPU
		{5D06E686-4D56-4AF7-99F1-69AE7D753E6A}.Release|x64.ActiveCfg = Release|Any CPU
		{5D06E686-4D56-4AF7-99F1-69AE7D753E6A}.Release|x64.Build.0 = Release|Any CPU
		{5D06E686-4D56-4AF7-99F1-69AE7D753E6A}.Release|x86.ActiveCfg = Release|Any CPU
		{5D06E686-4D56-4AF7-99F1-69AE7D753E6A}.Release|x86.Build.0 = Release|Any CPU
		{84BACA0D-D8F0-4819-9CE5-7239FC78B9DC}.Debug|Any CPU.ActiveCfg = Debug|Any CPU
		{84BACA0D-D8F0-4819-9CE5-7239FC78B9DC}.Debug|Any CPU.Build.0 = Debug|Any CPU
		{84BACA0D-D8F0-4819-9CE5-7239FC78B9DC}.Debug|x64.ActiveCfg = Debug|Any CPU
		{84BACA0D-D8F0-4819-9CE5-7239FC78B9DC}.Debug|x64.Build.0 = Debug|Any CPU
		{84BACA0D-D8F0-4819-9CE5-7239FC78B9DC}.Debug|x86.ActiveCfg = Debug|Any CPU
		{84BACA0D-D8F0-4819-9CE5-7239FC78B9DC}.Debug|x86.Build.0 = Debug|Any CPU
		{84BACA0D-D8F0-4819-9CE5-7239FC78B9DC}.Release|Any CPU.ActiveCfg = Release|Any CPU
		{84BACA0D-D8F0-4819-9CE5-7239FC78B9DC}.Release|Any CPU.Build.0 = Release|Any CPU
		{84BACA0D-D8F0-4819-9CE5-7239FC78B9DC}.Release|x64.ActiveCfg = Release|Any CPU
		{84BACA0D-D8F0-4819-9CE5-7239FC78B9DC}.Release|x64.Build.0 = Release|Any CPU
		{84BACA0D-D8F0-4819-9CE5-7239FC78B9DC}.Release|x86.ActiveCfg = Release|Any CPU
		{84BACA0D-D8F0-4819-9CE5-7239FC78B9DC}.Release|x86.Build.0 = Release|Any CPU
	EndGlobalSection
	GlobalSection(SolutionProperties) = preSolution
		HideSolutionNode = FALSE
	EndGlobalSection
EndGlobal
